// !$*UTF8*$!
{
	archiveVersion = 1;
	classes = {
	};
	objectVersion = 46;
	objects = {

/* Begin PBXBuildFile section */
		04890CB61A9863AA00C10CA4 /* main.m in Sources */ = {isa = PBXBuildFile; fileRef = 04890CB51A9863AA00C10CA4 /* main.m */; };
		04890CB91A9863AA00C10CA4 /* AppDelegate.m in Sources */ = {isa = PBXBuildFile; fileRef = 04890CB81A9863AA00C10CA4 /* AppDelegate.m */; };
		04890CC41A9863AA00C10CA4 /* Images.xcassets in Resources */ = {isa = PBXBuildFile; fileRef = 04890CC31A9863AA00C10CA4 /* Images.xcassets */; };
		04890CC71A9863AA00C10CA4 /* LaunchScreen.xib in Resources */ = {isa = PBXBuildFile; fileRef = 04890CC51A9863AA00C10CA4 /* LaunchScreen.xib */; };
		04890CD31A9863AA00C10CA4 /* Marvel_1_0Tests.m in Sources */ = {isa = PBXBuildFile; fileRef = 04890CD21A9863AA00C10CA4 /* Marvel_1_0Tests.m */; };
		04890CDE1A98657000C10CA4 /* InitialViewController.m in Sources */ = {isa = PBXBuildFile; fileRef = 04890CDD1A98657000C10CA4 /* InitialViewController.m */; };
		04890CE01A9865DB00C10CA4 /* Main.storyboard in Resources */ = {isa = PBXBuildFile; fileRef = 04890CDF1A9865DB00C10CA4 /* Main.storyboard */; };
		04890CE31A9865F600C10CA4 /* ListViewController.m in Sources */ = {isa = PBXBuildFile; fileRef = 04890CE21A9865F600C10CA4 /* ListViewController.m */; };
		04890CE61A98661300C10CA4 /* DetailViewController.m in Sources */ = {isa = PBXBuildFile; fileRef = 04890CE51A98661300C10CA4 /* DetailViewController.m */; };
		04890CE91A98661D00C10CA4 /* CharacterCell.m in Sources */ = {isa = PBXBuildFile; fileRef = 04890CE81A98661D00C10CA4 /* CharacterCell.m */; };
		04890CEC1A98662800C10CA4 /* CreatorCell.m in Sources */ = {isa = PBXBuildFile; fileRef = 04890CEB1A98662800C10CA4 /* CreatorCell.m */; };
		04890CEF1A98663200C10CA4 /* CategoryCell.m in Sources */ = {isa = PBXBuildFile; fileRef = 04890CEE1A98663100C10CA4 /* CategoryCell.m */; };
		04890CF11A98664600C10CA4 /* background.png in Resources */ = {isa = PBXBuildFile; fileRef = 04890CF01A98664600C10CA4 /* background.png */; };
		04890CF51A98683800C10CA4 /* purple_background.png in Resources */ = {isa = PBXBuildFile; fileRef = 04890CF21A98683800C10CA4 /* purple_background.png */; };
		04890CF61A98683800C10CA4 /* purple_background@2x.png in Resources */ = {isa = PBXBuildFile; fileRef = 04890CF31A98683800C10CA4 /* purple_background@2x.png */; };
		04890CF71A98683800C10CA4 /* purple_background@3x.png in Resources */ = {isa = PBXBuildFile; fileRef = 04890CF41A98683800C10CA4 /* purple_background@3x.png */; };
		04890CFD1A98715300C10CA4 /* MarvelManager.m in Sources */ = {isa = PBXBuildFile; fileRef = 04890CFC1A98715300C10CA4 /* MarvelManager.m */; };
		1AA47B3652C1E31E415753BC /* libPods-Marvel-1.0.a in Frameworks */ = {isa = PBXBuildFile; fileRef = 90CB763994CC17D2B720DF25 /* libPods-Marvel-1.0.a */; };
/* End PBXBuildFile section */

/* Begin PBXContainerItemProxy section */
		04890CCD1A9863AA00C10CA4 /* PBXContainerItemProxy */ = {
			isa = PBXContainerItemProxy;
			containerPortal = 04890CA81A9863AA00C10CA4 /* Project object */;
			proxyType = 1;
			remoteGlobalIDString = 04890CAF1A9863AA00C10CA4;
			remoteInfo = "Marvel-1.0";
		};
/* End PBXContainerItemProxy section */

/* Begin PBXFileReference section */
		04890CB01A9863AA00C10CA4 /* Marvel-1.0.app */ = {isa = PBXFileReference; explicitFileType = wrapper.application; includeInIndex = 0; path = "Marvel-1.0.app"; sourceTree = BUILT_PRODUCTS_DIR; };
		04890CB41A9863AA00C10CA4 /* Info.plist */ = {isa = PBXFileReference; lastKnownFileType = text.plist.xml; path = Info.plist; sourceTree = "<group>"; };
		04890CB51A9863AA00C10CA4 /* main.m */ = {isa = PBXFileReference; lastKnownFileType = sourcecode.c.objc; path = main.m; sourceTree = "<group>"; };
		04890CB71A9863AA00C10CA4 /* AppDelegate.h */ = {isa = PBXFileReference; lastKnownFileType = sourcecode.c.h; path = AppDelegate.h; sourceTree = "<group>"; };
		04890CB81A9863AA00C10CA4 /* AppDelegate.m */ = {isa = PBXFileReference; lastKnownFileType = sourcecode.c.objc; path = AppDelegate.m; sourceTree = "<group>"; };
		04890CC31A9863AA00C10CA4 /* Images.xcassets */ = {isa = PBXFileReference; lastKnownFileType = folder.assetcatalog; path = Images.xcassets; sourceTree = "<group>"; };
		04890CC61A9863AA00C10CA4 /* Base */ = {isa = PBXFileReference; lastKnownFileType = file.xib; name = Base; path = Base.lproj/LaunchScreen.xib; sourceTree = "<group>"; };
		04890CCC1A9863AA00C10CA4 /* Marvel-1.0Tests.xctest */ = {isa = PBXFileReference; explicitFileType = wrapper.cfbundle; includeInIndex = 0; path = "Marvel-1.0Tests.xctest"; sourceTree = BUILT_PRODUCTS_DIR; };
		04890CD11A9863AA00C10CA4 /* Info.plist */ = {isa = PBXFileReference; lastKnownFileType = text.plist.xml; path = Info.plist; sourceTree = "<group>"; };
		04890CD21A9863AA00C10CA4 /* Marvel_1_0Tests.m */ = {isa = PBXFileReference; lastKnownFileType = sourcecode.c.objc; path = Marvel_1_0Tests.m; sourceTree = "<group>"; };
		04890CDC1A98657000C10CA4 /* InitialViewController.h */ = {isa = PBXFileReference; fileEncoding = 4; lastKnownFileType = sourcecode.c.h; path = InitialViewController.h; sourceTree = "<group>"; };
		04890CDD1A98657000C10CA4 /* InitialViewController.m */ = {isa = PBXFileReference; fileEncoding = 4; lastKnownFileType = sourcecode.c.objc; lineEnding = 0; path = InitialViewController.m; sourceTree = "<group>"; xcLanguageSpecificationIdentifier = xcode.lang.objc; };
		04890CDF1A9865DB00C10CA4 /* Main.storyboard */ = {isa = PBXFileReference; fileEncoding = 4; lastKnownFileType = file.storyboard; path = Main.storyboard; sourceTree = "<group>"; };
		04890CE11A9865F600C10CA4 /* ListViewController.h */ = {isa = PBXFileReference; fileEncoding = 4; lastKnownFileType = sourcecode.c.h; path = ListViewController.h; sourceTree = "<group>"; };
		04890CE21A9865F600C10CA4 /* ListViewController.m */ = {isa = PBXFileReference; fileEncoding = 4; lastKnownFileType = sourcecode.c.objc; lineEnding = 0; path = ListViewController.m; sourceTree = "<group>"; xcLanguageSpecificationIdentifier = xcode.lang.objc; };
		04890CE41A98661300C10CA4 /* DetailViewController.h */ = {isa = PBXFileReference; fileEncoding = 4; lastKnownFileType = sourcecode.c.h; path = DetailViewController.h; sourceTree = "<group>"; };
		04890CE51A98661300C10CA4 /* DetailViewController.m */ = {isa = PBXFileReference; fileEncoding = 4; lastKnownFileType = sourcecode.c.objc; path = DetailViewController.m; sourceTree = "<group>"; };
		04890CE71A98661D00C10CA4 /* CharacterCell.h */ = {isa = PBXFileReference; fileEncoding = 4; lastKnownFileType = sourcecode.c.h; path = CharacterCell.h; sourceTree = "<group>"; };
		04890CE81A98661D00C10CA4 /* CharacterCell.m */ = {isa = PBXFileReference; fileEncoding = 4; lastKnownFileType = sourcecode.c.objc; path = CharacterCell.m; sourceTree = "<group>"; };
		04890CEA1A98662800C10CA4 /* CreatorCell.h */ = {isa = PBXFileReference; fileEncoding = 4; lastKnownFileType = sourcecode.c.h; path = CreatorCell.h; sourceTree = "<group>"; };
		04890CEB1A98662800C10CA4 /* CreatorCell.m */ = {isa = PBXFileReference; fileEncoding = 4; lastKnownFileType = sourcecode.c.objc; path = CreatorCell.m; sourceTree = "<group>"; };
		04890CED1A98663100C10CA4 /* CategoryCell.h */ = {isa = PBXFileReference; fileEncoding = 4; lastKnownFileType = sourcecode.c.h; path = CategoryCell.h; sourceTree = "<group>"; };
		04890CEE1A98663100C10CA4 /* CategoryCell.m */ = {isa = PBXFileReference; fileEncoding = 4; lastKnownFileType = sourcecode.c.objc; path = CategoryCell.m; sourceTree = "<group>"; };
		04890CF01A98664600C10CA4 /* background.png */ = {isa = PBXFileReference; lastKnownFileType = image.png; path = background.png; sourceTree = "<group>"; };
		04890CF21A98683800C10CA4 /* purple_background.png */ = {isa = PBXFileReference; lastKnownFileType = image.png; path = purple_background.png; sourceTree = "<group>"; };
		04890CF31A98683800C10CA4 /* purple_background@2x.png */ = {isa = PBXFileReference; lastKnownFileType = image.png; path = "purple_background@2x.png"; sourceTree = "<group>"; };
		04890CF41A98683800C10CA4 /* purple_background@3x.png */ = {isa = PBXFileReference; lastKnownFileType = image.png; path = "purple_background@3x.png"; sourceTree = "<group>"; };
		04890CFB1A98715300C10CA4 /* MarvelManager.h */ = {isa = PBXFileReference; fileEncoding = 4; lastKnownFileType = sourcecode.c.h; path = MarvelManager.h; sourceTree = "<group>"; };
		04890CFC1A98715300C10CA4 /* MarvelManager.m */ = {isa = PBXFileReference; fileEncoding = 4; lastKnownFileType = sourcecode.c.objc; path = MarvelManager.m; sourceTree = "<group>"; };
		90CB763994CC17D2B720DF25 /* libPods-Marvel-1.0.a */ = {isa = PBXFileReference; explicitFileType = archive.ar; includeInIndex = 0; path = "libPods-Marvel-1.0.a"; sourceTree = BUILT_PRODUCTS_DIR; };
		B6B993C54116151D04D0C1CF /* Pods-Marvel-1.0.release.xcconfig */ = {isa = PBXFileReference; includeInIndex = 1; lastKnownFileType = text.xcconfig; name = "Pods-Marvel-1.0.release.xcconfig"; path = "Pods/Target Support Files/Pods-Marvel-1.0/Pods-Marvel-1.0.release.xcconfig"; sourceTree = "<group>"; };
		F87B2ECE85AF957459C8D8B8 /* Pods-Marvel-1.0.debug.xcconfig */ = {isa = PBXFileReference; includeInIndex = 1; lastKnownFileType = text.xcconfig; name = "Pods-Marvel-1.0.debug.xcconfig"; path = "Pods/Target Support Files/Pods-Marvel-1.0/Pods-Marvel-1.0.debug.xcconfig"; sourceTree = "<group>"; };
/* End PBXFileReference section */

/* Begin PBXFrameworksBuildPhase section */
		04890CAD1A9863AA00C10CA4 /* Frameworks */ = {
			isa = PBXFrameworksBuildPhase;
			buildActionMask = 2147483647;
			files = (
				1AA47B3652C1E31E415753BC /* libPods-Marvel-1.0.a in Frameworks */,
			);
			runOnlyForDeploymentPostprocessing = 0;
		};
		04890CC91A9863AA00C10CA4 /* Frameworks */ = {
			isa = PBXFrameworksBuildPhase;
			buildActionMask = 2147483647;
			files = (
			);
			runOnlyForDeploymentPostprocessing = 0;
		};
/* End PBXFrameworksBuildPhase section */

/* Begin PBXGroup section */
		04890CA71A9863AA00C10CA4 = {
			isa = PBXGroup;
			children = (
				04890CB21A9863AA00C10CA4 /* Marvel-1.0 */,
				04890CCF1A9863AA00C10CA4 /* Marvel-1.0Tests */,
				04890CB11A9863AA00C10CA4 /* Products */,
				17A555AFF7B44D468EB69ED8 /* Pods */,
				996037425B5E032EE02ABF78 /* Frameworks */,
			);
			sourceTree = "<group>";
		};
		04890CB11A9863AA00C10CA4 /* Products */ = {
			isa = PBXGroup;
			children = (
				04890CB01A9863AA00C10CA4 /* Marvel-1.0.app */,
				04890CCC1A9863AA00C10CA4 /* Marvel-1.0Tests.xctest */,
			);
			name = Products;
			sourceTree = "<group>";
		};
		04890CB21A9863AA00C10CA4 /* Marvel-1.0 */ = {
			isa = PBXGroup;
			children = (
				04890CFE1A98716800C10CA4 /* New Group */,
				04890CB71A9863AA00C10CA4 /* AppDelegate.h */,
				04890CB81A9863AA00C10CA4 /* AppDelegate.m */,
				04890CC31A9863AA00C10CA4 /* Images.xcassets */,
				04890CDF1A9865DB00C10CA4 /* Main.storyboard */,
				04890CDC1A98657000C10CA4 /* InitialViewController.h */,
				04890CDD1A98657000C10CA4 /* InitialViewController.m */,
				04890CE11A9865F600C10CA4 /* ListViewController.h */,
				04890CE21A9865F600C10CA4 /* ListViewController.m */,
				04890CE41A98661300C10CA4 /* DetailViewController.h */,
				04890CE51A98661300C10CA4 /* DetailViewController.m */,
				04890CE71A98661D00C10CA4 /* CharacterCell.h */,
				04890CE81A98661D00C10CA4 /* CharacterCell.m */,
				04890CEA1A98662800C10CA4 /* CreatorCell.h */,
				04890CEB1A98662800C10CA4 /* CreatorCell.m */,
				04890CED1A98663100C10CA4 /* CategoryCell.h */,
				04890CEE1A98663100C10CA4 /* CategoryCell.m */,
				04890CF21A98683800C10CA4 /* purple_background.png */,
				04890CF31A98683800C10CA4 /* purple_background@2x.png */,
				04890CF41A98683800C10CA4 /* purple_background@3x.png */,
				04890CF01A98664600C10CA4 /* background.png */,
				04890CC51A9863AA00C10CA4 /* LaunchScreen.xib */,
				04890CB31A9863AA00C10CA4 /* Supporting Files */,
			);
			path = "Marvel-1.0";
			sourceTree = "<group>";
		};
		04890CB31A9863AA00C10CA4 /* Supporting Files */ = {
			isa = PBXGroup;
			children = (
				04890CB41A9863AA00C10CA4 /* Info.plist */,
				04890CB51A9863AA00C10CA4 /* main.m */,
			);
			name = "Supporting Files";
			sourceTree = "<group>";
		};
		04890CCF1A9863AA00C10CA4 /* Marvel-1.0Tests */ = {
			isa = PBXGroup;
			children = (
				04890CD21A9863AA00C10CA4 /* Marvel_1_0Tests.m */,
				04890CD01A9863AA00C10CA4 /* Supporting Files */,
			);
			path = "Marvel-1.0Tests";
			sourceTree = "<group>";
		};
		04890CD01A9863AA00C10CA4 /* Supporting Files */ = {
			isa = PBXGroup;
			children = (
				04890CD11A9863AA00C10CA4 /* Info.plist */,
			);
			name = "Supporting Files";
			sourceTree = "<group>";
		};
		04890CFE1A98716800C10CA4 /* New Group */ = {
			isa = PBXGroup;
			children = (
				04890CFB1A98715300C10CA4 /* MarvelManager.h */,
				04890CFC1A98715300C10CA4 /* MarvelManager.m */,
			);
			name = "New Group";
			sourceTree = "<group>";
		};
		17A555AFF7B44D468EB69ED8 /* Pods */ = {
			isa = PBXGroup;
			children = (
				F87B2ECE85AF957459C8D8B8 /* Pods-Marvel-1.0.debug.xcconfig */,
				B6B993C54116151D04D0C1CF /* Pods-Marvel-1.0.release.xcconfig */,
			);
			name = Pods;
			sourceTree = "<group>";
		};
		996037425B5E032EE02ABF78 /* Frameworks */ = {
			isa = PBXGroup;
			children = (
				90CB763994CC17D2B720DF25 /* libPods-Marvel-1.0.a */,
			);
			name = Frameworks;
			sourceTree = "<group>";
		};
/* End PBXGroup section */

/* Begin PBXNativeTarget section */
		04890CAF1A9863AA00C10CA4 /* Marvel-1.0 */ = {
			isa = PBXNativeTarget;
			buildConfigurationList = 04890CD61A9863AA00C10CA4 /* Build configuration list for PBXNativeTarget "Marvel-1.0" */;
			buildPhases = (
				A445CE763EDFEA6CA11AC48B /* Check Pods Manifest.lock */,
				04890CAC1A9863AA00C10CA4 /* Sources */,
				04890CAD1A9863AA00C10CA4 /* Frameworks */,
				04890CAE1A9863AA00C10CA4 /* Resources */,
				27A057C4EEBA36CDECBAE5BC /* Copy Pods Resources */,
				13E295C14DA9E8480224D48A /* Embed Pods Frameworks */,
			);
			buildRules = (
			);
			dependencies = (
			);
			name = "Marvel-1.0";
			productName = "Marvel-1.0";
			productReference = 04890CB01A9863AA00C10CA4 /* Marvel-1.0.app */;
			productType = "com.apple.product-type.application";
		};
		04890CCB1A9863AA00C10CA4 /* Marvel-1.0Tests */ = {
			isa = PBXNativeTarget;
			buildConfigurationList = 04890CD91A9863AA00C10CA4 /* Build configuration list for PBXNativeTarget "Marvel-1.0Tests" */;
			buildPhases = (
				04890CC81A9863AA00C10CA4 /* Sources */,
				04890CC91A9863AA00C10CA4 /* Frameworks */,
				04890CCA1A9863AA00C10CA4 /* Resources */,
			);
			buildRules = (
			);
			dependencies = (
				04890CCE1A9863AA00C10CA4 /* PBXTargetDependency */,
			);
			name = "Marvel-1.0Tests";
			productName = "Marvel-1.0Tests";
			productReference = 04890CCC1A9863AA00C10CA4 /* Marvel-1.0Tests.xctest */;
			productType = "com.apple.product-type.bundle.unit-test";
		};
/* End PBXNativeTarget section */

/* Begin PBXProject section */
		04890CA81A9863AA00C10CA4 /* Project object */ = {
			isa = PBXProject;
			attributes = {
				LastUpgradeCheck = 0610;
				ORGANIZATIONNAME = "Art Sevilla";
				TargetAttributes = {
					04890CAF1A9863AA00C10CA4 = {
						CreatedOnToolsVersion = 6.1.1;
					};
					04890CCB1A9863AA00C10CA4 = {
						CreatedOnToolsVersion = 6.1.1;
						TestTargetID = 04890CAF1A9863AA00C10CA4;
					};
				};
			};
			buildConfigurationList = 04890CAB1A9863AA00C10CA4 /* Build configuration list for PBXProject "Marvel-1.0" */;
			compatibilityVersion = "Xcode 3.2";
			developmentRegion = English;
			hasScannedForEncodings = 0;
			knownRegions = (
				en,
				Base,
			);
			mainGroup = 04890CA71A9863AA00C10CA4;
			productRefGroup = 04890CB11A9863AA00C10CA4 /* Products */;
			projectDirPath = "";
			projectRoot = "";
			targets = (
				04890CAF1A9863AA00C10CA4 /* Marvel-1.0 */,
				04890CCB1A9863AA00C10CA4 /* Marvel-1.0Tests */,
			);
		};
/* End PBXProject section */

/* Begin PBXResourcesBuildPhase section */
		04890CAE1A9863AA00C10CA4 /* Resources */ = {
			isa = PBXResourcesBuildPhase;
			buildActionMask = 2147483647;
			files = (
				04890CE01A9865DB00C10CA4 /* Main.storyboard in Resources */,
				04890CF71A98683800C10CA4 /* purple_background@3x.png in Resources */,
				04890CF51A98683800C10CA4 /* purple_background.png in Resources */,
				04890CF11A98664600C10CA4 /* background.png in Resources */,
				04890CC71A9863AA00C10CA4 /* LaunchScreen.xib in Resources */,
				04890CF61A98683800C10CA4 /* purple_background@2x.png in Resources */,
				04890CC41A9863AA00C10CA4 /* Images.xcassets in Resources */,
			);
			runOnlyForDeploymentPostprocessing = 0;
		};
		04890CCA1A9863AA00C10CA4 /* Resources */ = {
			isa = PBXResourcesBuildPhase;
			buildActionMask = 2147483647;
			files = (
			);
			runOnlyForDeploymentPostprocessing = 0;
		};
/* End PBXResourcesBuildPhase section */

/* Begin PBXShellScriptBuildPhase section */
		13E295C14DA9E8480224D48A /* Embed Pods Frameworks */ = {
			isa = PBXShellScriptBuildPhase;
			buildActionMask = 2147483647;
			files = (
			);
			inputPaths = (
			);
			name = "Embed Pods Frameworks";
			outputPaths = (
			);
			runOnlyForDeploymentPostprocessing = 0;
			shellPath = /bin/sh;
			shellScript = "\"${SRCROOT}/Pods/Target Support Files/Pods-Marvel-1.0/Pods-Marvel-1.0-frameworks.sh\"\n";
			showEnvVarsInLog = 0;
		};
		27A057C4EEBA36CDECBAE5BC /* Copy Pods Resources */ = {
			isa = PBXShellScriptBuildPhase;
			buildActionMask = 2147483647;
			files = (
			);
			inputPaths = (
			);
			name = "Copy Pods Resources";
			outputPaths = (
			);
			runOnlyForDeploymentPostprocessing = 0;
			shellPath = /bin/sh;
			shellScript = "\"${SRCROOT}/Pods/Target Support Files/Pods-Marvel-1.0/Pods-Marvel-1.0-resources.sh\"\n";
			showEnvVarsInLog = 0;
		};
		A445CE763EDFEA6CA11AC48B /* Check Pods Manifest.lock */ = {
			isa = PBXShellScriptBuildPhase;
			buildActionMask = 2147483647;
			files = (
			);
			inputPaths = (
			);
			name = "Check Pods Manifest.lock";
			outputPaths = (
			);
			runOnlyForDeploymentPostprocessing = 0;
			shellPath = /bin/sh;
			shellScript = "diff \"${PODS_ROOT}/../Podfile.lock\" \"${PODS_ROOT}/Manifest.lock\" > /dev/null\nif [[ $? != 0 ]] ; then\n    cat << EOM\nerror: The sandbox is not in sync with the Podfile.lock. Run 'pod install' or update your CocoaPods installation.\nEOM\n    exit 1\nfi\n";
			showEnvVarsInLog = 0;
		};
/* End PBXShellScriptBuildPhase section */

/* Begin PBXSourcesBuildPhase section */
		04890CAC1A9863AA00C10CA4 /* Sources */ = {
			isa = PBXSourcesBuildPhase;
			buildActionMask = 2147483647;
			files = (
				04890CE61A98661300C10CA4 /* DetailViewController.m in Sources */,
				04890CDE1A98657000C10CA4 /* InitialViewController.m in Sources */,
				04890CB91A9863AA00C10CA4 /* AppDelegate.m in Sources */,
				04890CE91A98661D00C10CA4 /* CharacterCell.m in Sources */,
				04890CEC1A98662800C10CA4 /* CreatorCell.m in Sources */,
				04890CFD1A98715300C10CA4 /* MarvelManager.m in Sources */,
				04890CE31A9865F600C10CA4 /* ListViewController.m in Sources */,
				04890CB61A9863AA00C10CA4 /* main.m in Sources */,
				04890CEF1A98663200C10CA4 /* CategoryCell.m in Sources */,
			);
			runOnlyForDeploymentPostprocessing = 0;
		};
		04890CC81A9863AA00C10CA4 /* Sources */ = {
			isa = PBXSourcesBuildPhase;
			buildActionMask = 2147483647;
			files = (
				04890CD31A9863AA00C10CA4 /* Marvel_1_0Tests.m in Sources */,
			);
			runOnlyForDeploymentPostprocessing = 0;
		};
/* End PBXSourcesBuildPhase section */

/* Begin PBXTargetDependency section */
		04890CCE1A9863AA00C10CA4 /* PBXTargetDependency */ = {
			isa = PBXTargetDependency;
			target = 04890CAF1A9863AA00C10CA4 /* Marvel-1.0 */;
			targetProxy = 04890CCD1A9863AA00C10CA4 /* PBXContainerItemProxy */;
		};
/* End PBXTargetDependency section */

/* Begin PBXVariantGroup section */
		04890CC51A9863AA00C10CA4 /* LaunchScreen.xib */ = {
			isa = PBXVariantGroup;
			children = (
				04890CC61A9863AA00C10CA4 /* Base */,
			);
			name = LaunchScreen.xib;
			sourceTree = "<group>";
		};
/* End PBXVariantGroup section */

/* Begin XCBuildConfiguration section */
		04890CD41A9863AA00C10CA4 /* Debug */ = {
			isa = XCBuildConfiguration;
			buildSettings = {
				ALWAYS_SEARCH_USER_PATHS = NO;
				CLANG_CXX_LANGUAGE_STANDARD = "gnu++0x";
				CLANG_CXX_LIBRARY = "libc++";
				CLANG_ENABLE_MODULES = YES;
				CLANG_ENABLE_OBJC_ARC = YES;
				CLANG_WARN_BOOL_CONVERSION = YES;
				CLANG_WARN_CONSTANT_CONVERSION = YES;
				CLANG_WARN_DIRECT_OBJC_ISA_USAGE = YES_ERROR;
				CLANG_WARN_EMPTY_BODY = YES;
				CLANG_WARN_ENUM_CONVERSION = YES;
				CLANG_WARN_INT_CONVERSION = YES;
				CLANG_WARN_OBJC_ROOT_CLASS = YES_ERROR;
				CLANG_WARN_UNREACHABLE_CODE = YES;
				CLANG_WARN__DUPLICATE_METHOD_MATCH = YES;
				"CODE_SIGN_IDENTITY[sdk=iphoneos*]" = "iPhone Developer";
				COPY_PHASE_STRIP = NO;
				ENABLE_STRICT_OBJC_MSGSEND = YES;
				GCC_C_LANGUAGE_STANDARD = gnu99;
				GCC_DYNAMIC_NO_PIC = NO;
				GCC_OPTIMIZATION_LEVEL = 0;
				GCC_PREPROCESSOR_DEFINITIONS = (
					"DEBUG=1",
					"$(inherited)",
				);
				GCC_SYMBOLS_PRIVATE_EXTERN = NO;
				GCC_WARN_64_TO_32_BIT_CONVERSION = YES;
				GCC_WARN_ABOUT_RETURN_TYPE = YES_ERROR;
				GCC_WARN_UNDECLARED_SELECTOR = YES;
				GCC_WARN_UNINITIALIZED_AUTOS = YES_AGGRESSIVE;
				GCC_WARN_UNUSED_FUNCTION = YES;
				GCC_WARN_UNUSED_VARIABLE = YES;
				IPHONEOS_DEPLOYMENT_TARGET = 8.1;
				MTL_ENABLE_DEBUG_INFO = YES;
				ONLY_ACTIVE_ARCH = YES;
				SDKROOT = iphoneos;
			};
			name = Debug;
		};
		04890CD51A9863AA00C10CA4 /* Release */ = {
			isa = XCBuildConfiguration;
			buildSettings = {
				ALWAYS_SEARCH_USER_PATHS = NO;
				CLANG_CXX_LANGUAGE_STANDARD = "gnu++0x";
				CLANG_CXX_LIBRARY = "libc++";
				CLANG_ENABLE_MODULES = YES;
				CLANG_ENABLE_OBJC_ARC = YES;
				CLANG_WARN_BOOL_CONVERSION = YES;
				CLANG_WARN_CONSTANT_CONVERSION = YES;
				CLANG_WARN_DIRECT_OBJC_ISA_USAGE = YES_ERROR;
				CLANG_WARN_EMPTY_BODY = YES;
				CLANG_WARN_ENUM_CONVERSION = YES;
				CLANG_WARN_INT_CONVERSION = YES;
				CLANG_WARN_OBJC_ROOT_CLASS = YES_ERROR;
				CLANG_WARN_UNREACHABLE_CODE = YES;
				CLANG_WARN__DUPLICATE_METHOD_MATCH = YES;
				"CODE_SIGN_IDENTITY[sdk=iphoneos*]" = "iPhone Developer";
				COPY_PHASE_STRIP = YES;
				ENABLE_NS_ASSERTIONS = NO;
				ENABLE_STRICT_OBJC_MSGSEND = YES;
				GCC_C_LANGUAGE_STANDARD = gnu99;
				GCC_WARN_64_TO_32_BIT_CONVERSION = YES;
				GCC_WARN_ABOUT_RETURN_TYPE = YES_ERROR;
				GCC_WARN_UNDECLARED_SELECTOR = YES;
				GCC_WARN_UNINITIALIZED_AUTOS = YES_AGGRESSIVE;
				GCC_WARN_UNUSED_FUNCTION = YES;
				GCC_WARN_UNUSED_VARIABLE = YES;
				IPHONEOS_DEPLOYMENT_TARGET = 8.1;
				MTL_ENABLE_DEBUG_INFO = NO;
				SDKROOT = iphoneos;
				VALIDATE_PRODUCT = YES;
			};
			name = Release;
		};
		04890CD71A9863AA00C10CA4 /* Debug */ = {
			isa = XCBuildConfiguration;
			baseConfigurationReference = F87B2ECE85AF957459C8D8B8 /* Pods-Marvel-1.0.debug.xcconfig */;
			buildSettings = {
				ASSETCATALOG_COMPILER_APPICON_NAME = AppIcon;
				INFOPLIST_FILE = "Marvel-1.0/Info.plist";
				LD_RUNPATH_SEARCH_PATHS = "$(inherited) @executable_path/Frameworks";
				PRODUCT_NAME = "$(TARGET_NAME)";
			};
			name = Debug;
		};
		04890CD81A9863AA00C10CA4 /* Release */ = {
			isa = XCBuildConfiguration;
			baseConfigurationReference = B6B993C54116151D04D0C1CF /* Pods-Marvel-1.0.release.xcconfig */;
			buildSettings = {
				ASSETCATALOG_COMPILER_APPICON_NAME = AppIcon;
				INFOPLIST_FILE = "Marvel-1.0/Info.plist";
				LD_RUNPATH_SEARCH_PATHS = "$(inherited) @executable_path/Frameworks";
				PRODUCT_NAME = "$(TARGET_NAME)";
			};
			name = Release;
		};
		04890CDA1A9863AA00C10CA4 /* Debug */ = {
			isa = XCBuildConfiguration;
			buildSettings = {
				BUNDLE_LOADER = "$(TEST_HOST)";
				FRAMEWORK_SEARCH_PATHS = (
					"$(SDKROOT)/Developer/Library/Frameworks",
					"$(inherited)",
				);
				GCC_PREPROCESSOR_DEFINITIONS = (
					"DEBUG=1",
					"$(inherited)",
				);
				INFOPLIST_FILE = "Marvel-1.0Tests/Info.plist";
				LD_RUNPATH_SEARCH_PATHS = "$(inherited) @executable_path/Frameworks @loader_path/Frameworks";
				PRODUCT_NAME = "$(TARGET_NAME)";
				TEST_HOST = "$(BUILT_PRODUCTS_DIR)/Marvel-1.0.app/Marvel-1.0";
			};
			name = Debug;
		};
		04890CDB1A9863AA00C10CA4 /* Release */ = {
			isa = XCBuildConfiguration;
			buildSettings = {
				BUNDLE_LOADER = "$(TEST_HOST)";
				FRAMEWORK_SEARCH_PATHS = (
					"$(SDKROOT)/Developer/Library/Frameworks",
					"$(inherited)",
				);
				INFOPLIST_FILE = "Marvel-1.0Tests/Info.plist";
				LD_RUNPATH_SEARCH_PATHS = "$(inherited) @executable_path/Frameworks @loader_path/Frameworks";
				PRODUCT_NAME = "$(TARGET_NAME)";
				TEST_HOST = "$(BUILT_PRODUCTS_DIR)/Marvel-1.0.app/Marvel-1.0";
			};
			name = Release;
		};
/* End XCBuildConfiguration section */

/* Begin XCConfigurationList section */
		04890CAB1A9863AA00C10CA4 /* Build configuration list for PBXProject "Marvel-1.0" */ = {
			isa = XCConfigurationList;
			buildConfigurations = (
				04890CD41A9863AA00C10CA4 /* Debug */,
				04890CD51A9863AA00C10CA4 /* Release */,
			);
			defaultConfigurationIsVisible = 0;
			defaultConfigurationName = Release;
		};
		04890CD61A9863AA00C10CA4 /* Build configuration list for PBXNativeTarget "Marvel-1.0" */ = {
			isa = XCConfigurationList;
			buildConfigurations = (
				04890CD71A9863AA00C10CA4 /* Debug */,
				04890CD81A9863AA00C10CA4 /* Release */,
			);
			defaultConfigurationIsVisible = 0;
			defaultConfigurationName = Release;
		};
		04890CD91A9863AA00C10CA4 /* Build configuration list for PBXNativeTarget "Marvel-1.0Tests" */ = {
			isa = XCConfigurationList;
			buildConfigurations = (
				04890CDA1A9863AA00C10CA4 /* Debug */,
				04890CDB1A9863AA00C10CA4 /* Release */,
			);
			defaultConfigurationIsVisible = 0;
			defaultConfigurationName = Release;
		};
/* End XCConfigurationList section */
	};
	rootObject = 04890CA81A9863AA00C10CA4 /* Project object */;
}
